
Microsoft Visual Studio Solution File, Format Version 12.00
# Visual Studio 15
VisualStudioVersion = 15.0.28307.779
MinimumVisualStudioVersion = 10.0.40219.1
Project("{FAE04EC0-301F-11D3-BF4B-00C04F79EFBC}") = "TermProject", "TermProject\TermProject.csproj", "{D444D399-064E-4CFA-9B69-6D8E298B3324}"
EndProject
Project("{FAE04EC0-301F-11D3-BF4B-00C04F79EFBC}") = "Utilities", "Utilities\Utilities.csproj", "{0669C12A-4AA2-4A20-8E5D-E35D3EF63DF6}"
EndProject
Project("{FAE04EC0-301F-11D3-BF4B-00C04F79EFBC}") = "DatingSiteLibrary", "DatingSiteLibrary\DatingSiteLibrary.csproj", "{689BE2C6-2E35-4896-895A-98F805C02465}"
EndProject
Global
	GlobalSection(SolutionConfigurationPlatforms) = preSolution
		Debug|Any CPU = Debug|Any CPU
		Release|Any CPU = Release|Any CPU
	EndGlobalSection
	GlobalSection(ProjectConfigurationPlatforms) = postSolution
		{D444D399-064E-4CFA-9B69-6D8E298B3324}.Debug|Any CPU.ActiveCfg = Debug|Any CPU
		{D444D399-064E-4CFA-9B69-6D8E298B3324}.Debug|Any CPU.Build.0 = Debug|Any CPU
		{D444D399-064E-4CFA-9B69-6D8E298B3324}.Release|Any CPU.ActiveCfg = Release|Any CPU
		{D444D399-064E-4CFA-9B69-6D8E298B3324}.Release|Any CPU.Build.0 = Release|Any CPU
		{0669C12A-4AA2-4A20-8E5D-E35D3EF63DF6}.Debug|Any CPU.ActiveCfg = Debug|Any CPU
		{0669C12A-4AA2-4A20-8E5D-E35D3EF63DF6}.Debug|Any CPU.Build.0 = Debug|Any CPU
		{0669C12A-4AA2-4A20-8E5D-E35D3EF63DF6}.Release|Any CPU.ActiveCfg = Release|Any CPU
		{0669C12A-4AA2-4A20-8E5D-E35D3EF63DF6}.Release|Any CPU.Build.0 = Release|Any CPU
		{689BE2C6-2E35-4896-895A-98F805C02465}.Debug|Any CPU.ActiveCfg = Debug|Any CPU
		{689BE2C6-2E35-4896-895A-98F805C02465}.Debug|Any CPU.Build.0 = Debug|Any CPU
		{689BE2C6-2E35-4896-895A-98F805C02465}.Release|Any CPU.ActiveCfg = Release|Any CPU
		{689BE2C6-2E35-4896-895A-98F805C02465}.Release|Any CPU.Build.0 = Release|Any CPU
	EndGlobalSection
	GlobalSection(SolutionProperties) = preSolution
		HideSolutionNode = FALSE
	EndGlobalSection
	GlobalSection(ExtensibilityGlobals) = postSolution
		SolutionGuid = {3F676128-521E-4DE5-97AC-FF0039508C8D}
	EndGlobalSection
EndGlobal
